
Microsoft Visual Studio Solution File, Format Version 12.00
# Visual Studio Version 17
VisualStudioVersion = 17.10.35004.147
MinimumVisualStudioVersion = 10.0.40219.1
Project("{FAE04EC0-301F-11D3-BF4B-00C04F79EFBC}") = "ToDoList_API", "ToDoList_API.csproj", "{77A681F2-2E44-4E99-BF6F-4391F270371C}"
EndProject
Global
	GlobalSection(SolutionConfigurationPlatforms) = preSolution
		Debug|Any CPU = Debug|Any CPU
		Release|Any CPU = Release|Any CPU
	EndGlobalSection
	GlobalSection(ProjectConfigurationPlatforms) = postSolution
		{77A681F2-2E44-4E99-BF6F-4391F270371C}.Debug|Any CPU.ActiveCfg = Debug|Any CPU
		{77A681F2-2E44-4E99-BF6F-4391F270371C}.Debug|Any CPU.Build.0 = Debug|Any CPU
		{77A681F2-2E44-4E99-BF6F-4391F270371C}.Release|Any CPU.ActiveCfg = Release|Any CPU
		{77A681F2-2E44-4E99-BF6F-4391F270371C}.Release|Any CPU.Build.0 = Release|Any CPU
	EndGlobalSection
	GlobalSection(SolutionProperties) = preSolution
		HideSolutionNode = FALSE
	EndGlobalSection
	GlobalSection(ExtensibilityGlobals) = postSolution
		SolutionGuid = {2CF38850-F0B2-48E4-AD41-2D945E8939FE}
	EndGlobalSection
EndGlobal
